# This file is automatically @generated by Cargo.
# It is not intended for manual editing.
version = 3

[[package]]
name = "add_two_numbers"
version = "1.0.0"
dependencies = [
 "list_node",
]

[[package]]
name = "list_node"
version = "1.0.0"

[[package]]
name = "longest_no_repeat"
version = "1.0.0"

[[package]]
name = "reverse_integer"
version = "1.0.0"
