# This file is automatically @generated by Cargo.
# It is not intended for manual editing.
version = 3

[[package]]
name = "add_two_numbers"
version = "1.0.0"
dependencies = [
 "list_node",
]

[[package]]
name = "binary_search"
version = "1.0.0"

[[package]]
name = "integer-to-roman"
version = "1.0.0"

[[package]]
name = "list_node"
version = "1.0.0"

[[package]]
name = "longest_no_repeat"
version = "1.0.0"

[[package]]
name = "merge-two-sorted-lists"
version = "1.0.0"
dependencies = [
 "list_node",
]

[[package]]
name = "pairs_spells_potions"
version = "1.0.0"

[[package]]
name = "remove_nth_node"
version = "1.0.0"
dependencies = [
 "list_node",
]

[[package]]
name = "reverse_integer"
version = "1.0.0"

[[package]]
name = "reverse_linked_list"
version = "1.0.0"
dependencies = [
 "list_node",
]

[[package]]
name = "two_sum"
version = "1.0.0"

[[package]]
name = "valid_sudoku"
version = "1.0.0"
