
Microsoft Visual Studio Solution File, Format Version 12.00
Project("{2150E333-8FDC-42A3-9474-1A3956D46DE8}") = "tests", "tests", "{9B835700-456E-4917-8714-2D9CFB0B0468}"
EndProject
Project("{2150E333-8FDC-42A3-9474-1A3956D46DE8}") = "src", "src", "{BDB985B3-4604-4840-A033-B92863E0B9E0}"
EndProject
Project("{FAE04EC0-301F-11D3-BF4B-00C04F79EFBC}") = "RomanToInteger", "src\c-sharp\RomanToInteger\RomanToInteger.csproj", "{BF5BA8AA-E52F-4238-A420-509839D3A75B}"
EndProject
Project("{FAE04EC0-301F-11D3-BF4B-00C04F79EFBC}") = "RomanToInteger.Tests", "tests\c-sharp\RomanToInteger.Tests\RomanToInteger.Tests.csproj", "{73E06909-3DB1-4AC3-B211-20B0AF41CEEB}"
EndProject
Project("{FAE04EC0-301F-11D3-BF4B-00C04F79EFBC}") = "PairsSpellsPotions", "src\c-sharp\PairsSpellsPotions\PairsSpellsPotions.csproj", "{86D03798-168E-48E5-A4D1-17B96E0246FA}"
EndProject
Project("{FAE04EC0-301F-11D3-BF4B-00C04F79EFBC}") = "PairsSpellsPotions.Tests", "tests\c-sharp\PairsSpellsPotions.Tests\PairsSpellsPotions.Tests.csproj", "{880C18A2-4F6E-4668-BB76-50F4A098DCB7}"
EndProject
Global
	GlobalSection(SolutionConfigurationPlatforms) = preSolution
		Debug|Any CPU = Debug|Any CPU
		Release|Any CPU = Release|Any CPU
	EndGlobalSection
	GlobalSection(ProjectConfigurationPlatforms) = postSolution
		{BF5BA8AA-E52F-4238-A420-509839D3A75B}.Debug|Any CPU.ActiveCfg = Debug|Any CPU
		{BF5BA8AA-E52F-4238-A420-509839D3A75B}.Debug|Any CPU.Build.0 = Debug|Any CPU
		{BF5BA8AA-E52F-4238-A420-509839D3A75B}.Release|Any CPU.ActiveCfg = Release|Any CPU
		{BF5BA8AA-E52F-4238-A420-509839D3A75B}.Release|Any CPU.Build.0 = Release|Any CPU
		{73E06909-3DB1-4AC3-B211-20B0AF41CEEB}.Debug|Any CPU.ActiveCfg = Debug|Any CPU
		{73E06909-3DB1-4AC3-B211-20B0AF41CEEB}.Debug|Any CPU.Build.0 = Debug|Any CPU
		{73E06909-3DB1-4AC3-B211-20B0AF41CEEB}.Release|Any CPU.ActiveCfg = Release|Any CPU
		{73E06909-3DB1-4AC3-B211-20B0AF41CEEB}.Release|Any CPU.Build.0 = Release|Any CPU
		{86D03798-168E-48E5-A4D1-17B96E0246FA}.Debug|Any CPU.ActiveCfg = Debug|Any CPU
		{86D03798-168E-48E5-A4D1-17B96E0246FA}.Debug|Any CPU.Build.0 = Debug|Any CPU
		{86D03798-168E-48E5-A4D1-17B96E0246FA}.Release|Any CPU.ActiveCfg = Release|Any CPU
		{86D03798-168E-48E5-A4D1-17B96E0246FA}.Release|Any CPU.Build.0 = Release|Any CPU
		{880C18A2-4F6E-4668-BB76-50F4A098DCB7}.Debug|Any CPU.ActiveCfg = Debug|Any CPU
		{880C18A2-4F6E-4668-BB76-50F4A098DCB7}.Debug|Any CPU.Build.0 = Debug|Any CPU
		{880C18A2-4F6E-4668-BB76-50F4A098DCB7}.Release|Any CPU.ActiveCfg = Release|Any CPU
		{880C18A2-4F6E-4668-BB76-50F4A098DCB7}.Release|Any CPU.Build.0 = Release|Any CPU
	EndGlobalSection
	GlobalSection(NestedProjects) = preSolution
		{BF5BA8AA-E52F-4238-A420-509839D3A75B} = {BDB985B3-4604-4840-A033-B92863E0B9E0}
		{73E06909-3DB1-4AC3-B211-20B0AF41CEEB} = {9B835700-456E-4917-8714-2D9CFB0B0468}
		{86D03798-168E-48E5-A4D1-17B96E0246FA} = {BDB985B3-4604-4840-A033-B92863E0B9E0}
		{880C18A2-4F6E-4668-BB76-50F4A098DCB7} = {9B835700-456E-4917-8714-2D9CFB0B0468}
	EndGlobalSection
EndGlobal
