name: 'Lock threads'

on:
  schedule:
    - cron: '0 6 * * *'

permissions:
  issues: write
  pull-requests: write

concurrency:
  group: lock

jobs:
  lock:
    runs-on: ubuntu-latest
    steps:
      - uses: dessant/lock-threads@v4
        with:
          github-token: ${{ github.token }}
          issue-inactive-days: 3
          pr-inactive-days: 3
          issue-comment: >
            This issue has been automatically locked since there
            has not been any recent activity after it was closed.
            Please open a new issue for related bugs.
          pr-comment: >
            This pull request has been automatically locked since there
            has not been any recent activity after it was closed.
            Please open a new issue for related bugs.
